<?xml version="1.0" encoding="utf-8"?>
<Project ToolsVersion="4.0" xmlns="http://schemas.microsoft.com/developer/msbuild/2003">
  <ItemGroup>
    <Filter Include="Source">
      <UniqueIdentifier>{e2591dd6-311b-439c-87d2-67fba688128a}</UniqueIdentifier>
    </Filter>
    <Filter Include="Source\Audio">
      <UniqueIdentifier>{aad5f038-c50e-46e2-931b-553dd49a1c6b}</UniqueIdentifier>
    </Filter>
    <Filter Include="HLSL">
      <UniqueIdentifier>{308bef29-b7a1-4219-8495-df428de133c9}</UniqueIdentifier>
    </Filter>
    <Filter Include="Source\Graphics">
      <UniqueIdentifier>{153a1093-d09d-451e-96c4-517468e1df17}</UniqueIdentifier>
    </Filter>
    <Filter Include="Utils">
      <UniqueIdentifier>{fb1e423f-609f-4788-ba40-938ca3a411f9}</UniqueIdentifier>
    </Filter>
    <Filter Include="Utils\imgui">
      <UniqueIdentifier>{92701ab4-53bc-4b91-81b4-95c73d12805f}</UniqueIdentifier>
    </Filter>
    <Filter Include="Source\Particle">
      <UniqueIdentifier>{9eb5c547-7874-49e5-b8a9-fb9b5ef268f8}</UniqueIdentifier>
    </Filter>
    <Filter Include="Source\Scene">
      <UniqueIdentifier>{7fe0dbf1-20c0-4c5a-8db1-8798286ee782}</UniqueIdentifier>
    </Filter>
    <Filter Include="Source\System">
      <UniqueIdentifier>{eeb27780-293a-458b-88dd-12e64dbdf240}</UniqueIdentifier>
    </Filter>
    <Filter Include="Source\System\OcclusionQuery">
      <UniqueIdentifier>{2d3235dc-d3da-473d-851d-c47058d1d45d}</UniqueIdentifier>
    </Filter>
    <Filter Include="Source\System\Camera">
      <UniqueIdentifier>{4f84234c-fd7f-4cf3-88ca-d2fec97696e2}</UniqueIdentifier>
    </Filter>
    <Filter Include="Source\System\Input">
      <UniqueIdentifier>{1f51978d-5158-4caa-af4c-82b1adeb1737}</UniqueIdentifier>
    </Filter>
    <Filter Include="Source\Manager">
      <UniqueIdentifier>{1738e600-4cf6-413c-89d5-01cd4e6486e4}</UniqueIdentifier>
    </Filter>
    <Filter Include="Source\Shader">
      <UniqueIdentifier>{a83daae0-0d39-4222-b7d0-182284985029}</UniqueIdentifier>
    </Filter>
    <Filter Include="HLSL\GlitchEffect">
      <UniqueIdentifier>{962b39d1-7d34-4478-80a8-68a18022c2e9}</UniqueIdentifier>
    </Filter>
    <Filter Include="HLSL\GaussianBlur">
      <UniqueIdentifier>{f51b988c-18b4-41b2-a04f-2ccc827e62c4}</UniqueIdentifier>
    </Filter>
    <Filter Include="HLSL\LiminanceExtraction">
      <UniqueIdentifier>{6cb51eb8-5e9c-40e5-8d3d-b00646b829c6}</UniqueIdentifier>
    </Filter>
    <Filter Include="Source\UI elements">
      <UniqueIdentifier>{eaba9093-8b4a-4484-b19e-e446349dbfca}</UniqueIdentifier>
    </Filter>
    <Filter Include="Source\UI elements\SceneUI">
      <UniqueIdentifier>{578cba18-b870-413a-9036-133d246cfa9d}</UniqueIdentifier>
    </Filter>
    <Filter Include="Source\UI elements\UI">
      <UniqueIdentifier>{d9955014-0eab-436b-99ef-0ff21e2e6c5c}</UniqueIdentifier>
    </Filter>
    <Filter Include="Source\State">
      <UniqueIdentifier>{03a6925d-b498-4834-86bf-528ae4243016}</UniqueIdentifier>
    </Filter>
    <Filter Include="Source\Shader\GaussianBlurShader">
      <UniqueIdentifier>{ddfdf3b0-c994-457c-865e-ca97c012e159}</UniqueIdentifier>
    </Filter>
    <Filter Include="Source\Shader\GlitchEffectShader">
      <UniqueIdentifier>{860a21d6-0c17-4014-a799-58661d46622b}</UniqueIdentifier>
    </Filter>
    <Filter Include="Source\Shader\LuminanceExtractionShader">
      <UniqueIdentifier>{1c6471d4-80b9-4d58-88d2-b89e45d57b8b}</UniqueIdentifier>
    </Filter>
    <Filter Include="Source\Shader\TraiShader">
      <UniqueIdentifier>{30603459-22d0-456d-bd20-735169456a84}</UniqueIdentifier>
    </Filter>
    <Filter Include="HLSL\Trail">
      <UniqueIdentifier>{1862b339-07fd-4bd6-98fd-0b3d1691db4a}</UniqueIdentifier>
    </Filter>
  </ItemGroup>
  <ItemGroup>
    <ClCompile Include="Source\Framework.cpp">
      <Filter>Source</Filter>
    </ClCompile>
    <ClCompile Include="Source\main.cpp">
      <Filter>Source</Filter>
    </ClCompile>
    <ClCompile Include="Source\Audio\Audio.cpp">
      <Filter>Source\Audio</Filter>
    </ClCompile>
    <ClCompile Include="Source\Audio\AudioManager.cpp">
      <Filter>Source\Audio</Filter>
    </ClCompile>
    <ClCompile Include="Source\Audio\AudioResource.cpp">
      <Filter>Source\Audio</Filter>
    </ClCompile>
    <ClCompile Include="Source\Graphics\ImGuiRenderer.cpp">
      <Filter>Source\Graphics</Filter>
    </ClCompile>
    <ClCompile Include="Source\Graphics\Sprite.cpp">
      <Filter>Source\Graphics</Filter>
    </ClCompile>
    <ClCompile Include="Source\Input\GamePad.cpp">
      <Filter>Source\System\Input</Filter>
    </ClCompile>
    <ClCompile Include="Source\Input\InputManager.cpp">
      <Filter>Source\System\Input</Filter>
    </ClCompile>
    <ClCompile Include="Source\Input\Mouse.cpp">
      <Filter>Source\System\Input</Filter>
    </ClCompile>
    <ClCompile Include="Utils\imgui\imgui.cpp">
      <Filter>Utils\imgui</Filter>
    </ClCompile>
    <ClCompile Include="Utils\imgui\imgui_demo.cpp">
      <Filter>Utils\imgui</Filter>
    </ClCompile>
    <ClCompile Include="Utils\imgui\imgui_draw.cpp">
      <Filter>Utils\imgui</Filter>
    </ClCompile>
    <ClCompile Include="Utils\imgui\imgui_ja_gryph_ranges.cpp">
      <Filter>Utils\imgui</Filter>
    </ClCompile>
    <ClCompile Include="Utils\imgui\imgui_widgets.cpp">
      <Filter>Utils\imgui</Filter>
    </ClCompile>
    <ClCompile Include="Source\Graphics\Texture.cpp">
      <Filter>Source\Graphics</Filter>
    </ClCompile>
    <ClCompile Include="Source\Graphics\GraphicsManager.cpp">
      <Filter>Source\Graphics</Filter>
    </ClCompile>
    <ClCompile Include="Source\Graphics\DebugRenderer.cpp">
      <Filter>Source\Graphics</Filter>
    </ClCompile>
    <ClCompile Include="Source\Graphics\LineRenderer.cpp">
      <Filter>Source\Graphics</Filter>
    </ClCompile>
    <ClCompile Include="Source\Character.cpp">
      <Filter>Source</Filter>
    </ClCompile>
    <ClCompile Include="Source\Player.cpp">
      <Filter>Source</Filter>
    </ClCompile>
    <ClCompile Include="Source\Collision.cpp">
      <Filter>Source</Filter>
    </ClCompile>
    <ClCompile Include="Source\Object.cpp">
      <Filter>Source</Filter>
    </ClCompile>
    <ClCompile Include="Source\LoadingScene.cpp">
      <Filter>Source</Filter>
    </ClCompile>
    <ClCompile Include="Source\Graphics\Skymap.cpp">
      <Filter>Source\Graphics</Filter>
    </ClCompile>
    <ClCompile Include="Source\Graphics\SkinnedMesh.cpp">
      <Filter>Source\Graphics</Filter>
    </ClCompile>
    <ClCompile Include="Source\Mathf.cpp">
      <Filter>Source</Filter>
    </ClCompile>
    <ClCompile Include="Source\particle\particle_system.cpp">
      <Filter>Source\Particle</Filter>
    </ClCompile>
    <ClCompile Include="Source\ObjManager.cpp">
      <Filter>Source</Filter>
    </ClCompile>
    <ClCompile Include="Source\TitleScene.cpp">
      <Filter>Source\Scene</Filter>
    </ClCompile>
    <ClCompile Include="Source\GameScene.cpp">
      <Filter>Source\Scene</Filter>
    </ClCompile>
    <ClCompile Include="Source\Camera.cpp">
      <Filter>Source\System\Camera</Filter>
    </ClCompile>
    <ClCompile Include="Source\CameraController.cpp">
      <Filter>Source\System\Camera</Filter>
    </ClCompile>
    <ClCompile Include="Source\DeviceManager.cpp">
      <Filter>Source\Manager</Filter>
    </ClCompile>
    <ClCompile Include="Source\Bullet.cpp">
      <Filter>Source\Manager</Filter>
    </ClCompile>
    <ClCompile Include="Source\BulletManager.cpp">
      <Filter>Source\Manager</Filter>
    </ClCompile>
    <ClCompile Include="Source\Effect.cpp">
      <Filter>Source\Manager</Filter>
    </ClCompile>
    <ClCompile Include="Source\EffectManager.cpp">
      <Filter>Source\Manager</Filter>
    </ClCompile>
    <ClCompile Include="Source\Enemy.cpp">
      <Filter>Source\Manager</Filter>
    </ClCompile>
    <ClCompile Include="Source\EnemyManager.cpp">
      <Filter>Source\Manager</Filter>
    </ClCompile>
    <ClCompile Include="Source\EnemyPlantune.cpp">
      <Filter>Source\Manager</Filter>
    </ClCompile>
    <ClCompile Include="Source\EnemySlime.cpp">
      <Filter>Source\Manager</Filter>
    </ClCompile>
    <ClCompile Include="Source\SceneManager.cpp">
      <Filter>Source\Manager</Filter>
    </ClCompile>
    <ClCompile Include="Source\Stage.cpp">
      <Filter>Source\Manager</Filter>
    </ClCompile>
    <ClCompile Include="Source\StraightBullet.cpp">
      <Filter>Source\Manager</Filter>
    </ClCompile>
    <ClCompile Include="Source\HomingBullet.cpp">
      <Filter>Source\Manager</Filter>
    </ClCompile>
    <ClCompile Include="Source\Graphics\SpriteGlitch.cpp">
      <Filter>Source\Shader\GlitchEffectShader</Filter>
    </ClCompile>
    <ClCompile Include="Source\Graphics\GaussianBlurShader.cpp">
      <Filter>Source\Shader\GaussianBlurShader</Filter>
    </ClCompile>
    <ClCompile Include="Source\LuminanceExtractionShader.cpp">
      <Filter>Source\Shader\LuminanceExtractionShader</Filter>
    </ClCompile>
    <ClCompile Include="Source\PostprocessingRenderer.cpp">
      <Filter>Source</Filter>
    </ClCompile>
    <ClCompile Include="Source\RenderTarget.cpp">
      <Filter>Source\Graphics</Filter>
    </ClCompile>
    <ClCompile Include="Source\obj.cpp">
      <Filter>Source</Filter>
    </ClCompile>
    <ClCompile Include="Source\UIManager.cpp">
      <Filter>Source\UI elements\UI</Filter>
    </ClCompile>
    <ClCompile Include="Source\SceneGameUI.cpp">
      <Filter>Source\UI elements\SceneUI</Filter>
    </ClCompile>
    <ClCompile Include="Source\SceneTitleUI.cpp">
      <Filter>Source\UI elements\SceneUI</Filter>
    </ClCompile>
    <ClCompile Include="Source\BossEnemy.cpp">
      <Filter>Source\Manager</Filter>
    </ClCompile>
    <ClCompile Include="Source\Graphics\ShaderManager.cpp">
      <Filter>Source\Shader</Filter>
    </ClCompile>
    <ClCompile Include="Source\HitStop.cpp" />
  </ItemGroup>
  <ItemGroup>
    <ClInclude Include="Source\Framework.h">
      <Filter>Source</Filter>
    </ClInclude>
    <ClInclude Include="Source\high_resolution_timer.h">
      <Filter>Source</Filter>
    </ClInclude>
    <ClInclude Include="Source\misc.h">
      <Filter>Source</Filter>
    </ClInclude>
    <ClInclude Include="Source\Audio\Audio.h">
      <Filter>Source\Audio</Filter>
    </ClInclude>
    <ClInclude Include="Source\Audio\AudioManager.h">
      <Filter>Source\Audio</Filter>
    </ClInclude>
    <ClInclude Include="Source\Audio\AudioResource.h">
      <Filter>Source\Audio</Filter>
    </ClInclude>
    <ClInclude Include="Source\Graphics\ImGuiRenderer.h">
      <Filter>Source\Graphics</Filter>
    </ClInclude>
    <ClInclude Include="Source\Graphics\Sprite.h">
      <Filter>Source\Graphics</Filter>
    </ClInclude>
    <ClInclude Include="Source\Input\GamePad.h">
      <Filter>Source\System\Input</Filter>
    </ClInclude>
    <ClInclude Include="Source\Input\InputManager.h">
      <Filter>Source\System\Input</Filter>
    </ClInclude>
    <ClInclude Include="Source\Input\Mouse.h">
      <Filter>Source\System\Input</Filter>
    </ClInclude>
    <ClInclude Include="Utils\imgui\imconfig.h">
      <Filter>Utils\imgui</Filter>
    </ClInclude>
    <ClInclude Include="Utils\imgui\imgui.h">
      <Filter>Utils\imgui</Filter>
    </ClInclude>
    <ClInclude Include="Utils\imgui\imgui_internal.h">
      <Filter>Utils\imgui</Filter>
    </ClInclude>
    <ClInclude Include="Utils\imgui\imstb_rectpack.h">
      <Filter>Utils\imgui</Filter>
    </ClInclude>
    <ClInclude Include="Utils\imgui\imstb_textedit.h">
      <Filter>Utils\imgui</Filter>
    </ClInclude>
    <ClInclude Include="Utils\imgui\imstb_truetype.h">
      <Filter>Utils\imgui</Filter>
    </ClInclude>
    <ClInclude Include="Source\Graphics\Texture.h">
      <Filter>Source\Graphics</Filter>
    </ClInclude>
    <ClInclude Include="Source\Graphics\GraphicsManager.h">
      <Filter>Source\Graphics</Filter>
    </ClInclude>
    <ClInclude Include="Source\Graphics\DebugRenderer.h">
      <Filter>Source\Graphics</Filter>
    </ClInclude>
    <ClInclude Include="Source\Graphics\LineRenderer.h">
      <Filter>Source\Graphics</Filter>
    </ClInclude>
    <ClInclude Include="Source\Graphics\Buffer.h">
      <Filter>Source\Graphics</Filter>
    </ClInclude>
    <ClInclude Include="Source\Character.h">
      <Filter>Source</Filter>
    </ClInclude>
    <ClInclude Include="Source\Player.h">
      <Filter>Source</Filter>
    </ClInclude>
    <ClInclude Include="Source\Object.h">
      <Filter>Source</Filter>
    </ClInclude>
    <ClInclude Include="Source\LoadingScene.h">
      <Filter>Source</Filter>
    </ClInclude>
    <ClInclude Include="Source\Graphics\Skymap.h">
      <Filter>Source\Graphics</Filter>
    </ClInclude>
    <ClInclude Include="Source\Graphics\SkinnedMesh.h">
      <Filter>Source\Graphics</Filter>
    </ClInclude>
    <ClInclude Include="Source\Mathf.h">
      <Filter>Source</Filter>
    </ClInclude>
    <ClInclude Include="Source\ObjManager.h">
      <Filter>Source</Filter>
    </ClInclude>
    <ClInclude Include="Source\particle\particle_system.h">
      <Filter>Source\Particle</Filter>
    </ClInclude>
    <ClInclude Include="Source\TitleScene.h">
      <Filter>Source\Scene</Filter>
    </ClInclude>
    <ClInclude Include="Source\GameScene.h">
      <Filter>Source\Scene</Filter>
    </ClInclude>
    <ClInclude Include="Source\Camera.h">
      <Filter>Source\System\Camera</Filter>
    </ClInclude>
    <ClInclude Include="Source\CameraController.h">
      <Filter>Source\System\Camera</Filter>
    </ClInclude>
    <ClInclude Include="Source\Buller.h">
      <Filter>Source\Manager</Filter>
    </ClInclude>
    <ClInclude Include="Source\BulletManager.h">
      <Filter>Source\Manager</Filter>
    </ClInclude>
    <ClInclude Include="Source\DeviceManager.h">
      <Filter>Source\Manager</Filter>
    </ClInclude>
    <ClInclude Include="Source\Effect.h">
      <Filter>Source\Manager</Filter>
    </ClInclude>
    <ClInclude Include="Source\EffectManager.h">
      <Filter>Source\Manager</Filter>
    </ClInclude>
    <ClInclude Include="Source\Enemy.h">
      <Filter>Source\Manager</Filter>
    </ClInclude>
    <ClInclude Include="Source\EnemyManager.h">
      <Filter>Source\Manager</Filter>
    </ClInclude>
    <ClInclude Include="Source\EnemyPlantune.h">
      <Filter>Source\Manager</Filter>
    </ClInclude>
    <ClInclude Include="Source\EnemySlime.h">
      <Filter>Source\Manager</Filter>
    </ClInclude>
    <ClInclude Include="Source\Collision.h">
      <Filter>Source\Manager</Filter>
    </ClInclude>
    <ClInclude Include="Source\Scene.h">
      <Filter>Source\Manager</Filter>
    </ClInclude>
    <ClInclude Include="Source\SceneManager.h">
      <Filter>Source\Manager</Filter>
    </ClInclude>
    <ClInclude Include="Source\Stage.h">
      <Filter>Source\Manager</Filter>
    </ClInclude>
    <ClInclude Include="Source\StageManager.h">
      <Filter>Source\Manager</Filter>
    </ClInclude>
    <ClInclude Include="Source\StraightBullet.h">
      <Filter>Source\Manager</Filter>
    </ClInclude>
    <ClInclude Include="Source\HomingBullet.h">
      <Filter>Source\Manager</Filter>
    </ClInclude>
    <ClInclude Include="Source\Graphics\SpriteGlitch.h">
      <Filter>Source\Shader\GlitchEffectShader</Filter>
    </ClInclude>
    <ClInclude Include="Source\Graphics\GaussianBlurShader.h">
      <Filter>Source\Shader\GaussianBlurShader</Filter>
    </ClInclude>
    <ClInclude Include="Source\Utilities.h">
      <Filter>Source</Filter>
    </ClInclude>
    <ClInclude Include="Source\LuminanceExtractionShader.h">
      <Filter>Source\Shader\LuminanceExtractionShader</Filter>
    </ClInclude>
    <ClInclude Include="Source\PostprocessingRenderer.h">
      <Filter>Source</Filter>
    </ClInclude>
    <ClInclude Include="Source\RenderTarget.h">
      <Filter>Source\Graphics</Filter>
    </ClInclude>
    <ClInclude Include="Source\obj.h">
      <Filter>Source</Filter>
    </ClInclude>
    <ClInclude Include="Source\UIManager.h">
      <Filter>Source\UI elements\UI</Filter>
    </ClInclude>
    <ClInclude Include="Source\UIComponent.h">
      <Filter>Source\UI elements\UI</Filter>
    </ClInclude>
    <ClInclude Include="Source\SceneGameUI.h">
      <Filter>Source\UI elements\SceneUI</Filter>
    </ClInclude>
    <ClInclude Include="Source\SceneTitleUI.h">
      <Filter>Source\UI elements\SceneUI</Filter>
    </ClInclude>
    <ClInclude Include="Source\BossEnemy.h">
      <Filter>Source\Manager</Filter>
    </ClInclude>
    <ClInclude Include="Source\StateMachine.h">
      <Filter>Source\State</Filter>
    </ClInclude>
    <ClInclude Include="Source\Graphics\Shader.h">
      <Filter>Source\Shader</Filter>
    </ClInclude>
    <ClInclude Include="Source\Graphics\ShaderManager.h">
      <Filter>Source\Shader</Filter>
    </ClInclude>
    <ClInclude Include="Source\HitStop.h">
      <Filter>Source</Filter>
    </ClInclude>
  </ItemGroup>
  <ItemGroup>
    <None Include="HLSL\ImGui.hlsli">
      <Filter>HLSL</Filter>
    </None>
    <None Include="HLSL\SkinnedMesh.hlsli">
      <Filter>HLSL</Filter>
    </None>
    <None Include="HLSL\Sprite.hlsli">
      <Filter>HLSL</Filter>
    </None>
    <None Include="HLSL\Debug.hlsli">
      <Filter>HLSL</Filter>
    </None>
    <None Include="HLSL\Line.hlsli">
      <Filter>HLSL</Filter>
    </None>
    <None Include="HLSL\Skymap.hlsli">
      <Filter>HLSL</Filter>
    </None>
    <None Include="HLSL\geometry_particle.hlsli">
      <Filter>HLSL</Filter>
    </None>
    <None Include="HLSL\SpriteGlitch.hlsli">
      <Filter>HLSL\GlitchEffect</Filter>
    </None>
    <None Include="HLSL\math_utils.hlsli">
      <Filter>HLSL\GlitchEffect</Filter>
    </None>
    <None Include="HLSL\GaussianBlur.hlsli">
      <Filter>HLSL\GaussianBlur</Filter>
    </None>
    <None Include="HLSL\FilterFunctions.hlsli">
      <Filter>HLSL</Filter>
    </None>
    <None Include="HLSL\LuminanceExtraction.hlsli">
      <Filter>HLSL\LiminanceExtraction</Filter>
    </None>
  </ItemGroup>
  <ItemGroup>
    <FxCompile Include="HLSL\ImGuiPS.hlsl">
      <Filter>HLSL</Filter>
    </FxCompile>
    <FxCompile Include="HLSL\ImGuiVS.hlsl">
      <Filter>HLSL</Filter>
    </FxCompile>
    <FxCompile Include="HLSL\SkinnedMeshPS.hlsl">
      <Filter>HLSL</Filter>
    </FxCompile>
    <FxCompile Include="HLSL\SkinnedMeshVS.hlsl">
      <Filter>HLSL</Filter>
    </FxCompile>
    <FxCompile Include="HLSL\SpritePS.hlsl">
      <Filter>HLSL</Filter>
    </FxCompile>
    <FxCompile Include="HLSL\SpriteVS.hlsl">
      <Filter>HLSL</Filter>
    </FxCompile>
    <FxCompile Include="HLSL\DebugPS.hlsl">
      <Filter>HLSL</Filter>
    </FxCompile>
    <FxCompile Include="HLSL\DebugVS.hlsl">
      <Filter>HLSL</Filter>
    </FxCompile>
    <FxCompile Include="HLSL\LinePS.hlsl">
      <Filter>HLSL</Filter>
    </FxCompile>
    <FxCompile Include="HLSL\LineVS.hlsl">
      <Filter>HLSL</Filter>
    </FxCompile>
    <FxCompile Include="HLSL\SkymapVS.hlsl">
      <Filter>HLSL</Filter>
    </FxCompile>
    <FxCompile Include="HLSL\SkymapPS.hlsl">
      <Filter>HLSL</Filter>
    </FxCompile>
    <FxCompile Include="HLSL\geometry_particle_gs.hlsl">
      <Filter>HLSL</Filter>
    </FxCompile>
    <FxCompile Include="HLSL\geometry_particle_ps.hlsl">
      <Filter>HLSL</Filter>
    </FxCompile>
    <FxCompile Include="HLSL\geometry_particle_vs.hlsl">
      <Filter>HLSL</Filter>
    </FxCompile>
    <FxCompile Include="HLSL\SpriteGlitch_vs.hlsl">
      <Filter>HLSL\GlitchEffect</Filter>
    </FxCompile>
    <FxCompile Include="HLSL\SpriteGlitch_ps.hlsl">
      <Filter>HLSL\GlitchEffect</Filter>
    </FxCompile>
    <FxCompile Include="HLSL\GaussianBlur_vs.hlsl">
      <Filter>HLSL\GaussianBlur</Filter>
    </FxCompile>
    <FxCompile Include="HLSL\GaussianBlur_ps.hlsl">
      <Filter>HLSL\GaussianBlur</Filter>
    </FxCompile>
    <FxCompile Include="HLSL\LuminanceExtraction_vs.hlsl">
      <Filter>HLSL\LiminanceExtraction</Filter>
    </FxCompile>
    <FxCompile Include="HLSL\LuminanceExtraction_ps.hlsl">
      <Filter>HLSL\LiminanceExtraction</Filter>
    </FxCompile>
  </ItemGroup>
</Project>